
Microsoft Visual Studio Solution File, Format Version 12.00
# Visual Studio Version 17
VisualStudioVersion = 17.0.31903.59
MinimumVisualStudioVersion = 10.0.40219.1
Project("{FAE04EC0-301F-11D3-BF4B-00C04F79EFBC}") = "Bsp.Common", "Common\Bsp.Common.csproj", "{19979105-8D5A-4605-908B-25254020390D}"
EndProject
Project("{FAE04EC0-301F-11D3-BF4B-00C04F79EFBC}") = "Bsp.Server", "Server\Bsp.Server.csproj", "{26471F72-8847-4BDD-AFD1-5D190B566061}"
EndProject
Project("{FAE04EC0-301F-11D3-BF4B-00C04F79EFBC}") = "Bsp.Tests", "Tests\Bsp.Tests.csproj", "{3C5BAB60-4472-4B5B-AFB5-A1536111D563}"
EndProject
Project("{FAE04EC0-301F-11D3-BF4B-00C04F79EFBC}") = "Bsp.ServerSlim", "ServerSlim\Bsp.ServerSlim.csproj", "{95A7DB30-0D5C-48C2-90CC-AEED178B490E}"
EndProject
Project("{FAE04EC0-301F-11D3-BF4B-00C04F79EFBC}") = "TestMinimal", "TestMinimal\TestMinimal.csproj", "{76909B33-5CBE-4CFF-AD29-B7E421498087}"
EndProject
Project("{FAE04EC0-301F-11D3-BF4B-00C04F79EFBC}") = "Bsp.BspFormat", "BspFormat\Bsp.BspFormat.csproj", "{2FEE0FE3-2F33-4809-967B-946BF7BADEB7}"
EndProject
Global
	GlobalSection(SolutionConfigurationPlatforms) = preSolution
		Debug|Any CPU = Debug|Any CPU
		Release|Any CPU = Release|Any CPU
	EndGlobalSection
	GlobalSection(SolutionProperties) = preSolution
		HideSolutionNode = FALSE
	EndGlobalSection
	GlobalSection(ProjectConfigurationPlatforms) = postSolution
		{19979105-8D5A-4605-908B-25254020390D}.Debug|Any CPU.ActiveCfg = Debug|Any CPU
		{19979105-8D5A-4605-908B-25254020390D}.Debug|Any CPU.Build.0 = Debug|Any CPU
		{19979105-8D5A-4605-908B-25254020390D}.Release|Any CPU.ActiveCfg = Release|Any CPU
		{19979105-8D5A-4605-908B-25254020390D}.Release|Any CPU.Build.0 = Release|Any CPU
		{26471F72-8847-4BDD-AFD1-5D190B566061}.Debug|Any CPU.ActiveCfg = Debug|Any CPU
		{26471F72-8847-4BDD-AFD1-5D190B566061}.Debug|Any CPU.Build.0 = Debug|Any CPU
		{26471F72-8847-4BDD-AFD1-5D190B566061}.Release|Any CPU.ActiveCfg = Release|Any CPU
		{26471F72-8847-4BDD-AFD1-5D190B566061}.Release|Any CPU.Build.0 = Release|Any CPU
		{3C5BAB60-4472-4B5B-AFB5-A1536111D563}.Debug|Any CPU.ActiveCfg = Debug|Any CPU
		{3C5BAB60-4472-4B5B-AFB5-A1536111D563}.Debug|Any CPU.Build.0 = Debug|Any CPU
		{3C5BAB60-4472-4B5B-AFB5-A1536111D563}.Release|Any CPU.ActiveCfg = Release|Any CPU
		{3C5BAB60-4472-4B5B-AFB5-A1536111D563}.Release|Any CPU.Build.0 = Release|Any CPU
		{95A7DB30-0D5C-48C2-90CC-AEED178B490E}.Debug|Any CPU.ActiveCfg = Debug|Any CPU
		{95A7DB30-0D5C-48C2-90CC-AEED178B490E}.Debug|Any CPU.Build.0 = Debug|Any CPU
		{95A7DB30-0D5C-48C2-90CC-AEED178B490E}.Release|Any CPU.ActiveCfg = Release|Any CPU
		{95A7DB30-0D5C-48C2-90CC-AEED178B490E}.Release|Any CPU.Build.0 = Release|Any CPU
		{76909B33-5CBE-4CFF-AD29-B7E421498087}.Debug|Any CPU.ActiveCfg = Debug|Any CPU
		{76909B33-5CBE-4CFF-AD29-B7E421498087}.Debug|Any CPU.Build.0 = Debug|Any CPU
		{76909B33-5CBE-4CFF-AD29-B7E421498087}.Release|Any CPU.ActiveCfg = Release|Any CPU
		{76909B33-5CBE-4CFF-AD29-B7E421498087}.Release|Any CPU.Build.0 = Release|Any CPU
		{2FEE0FE3-2F33-4809-967B-946BF7BADEB7}.Debug|Any CPU.ActiveCfg = Debug|Any CPU
		{2FEE0FE3-2F33-4809-967B-946BF7BADEB7}.Debug|Any CPU.Build.0 = Debug|Any CPU
		{2FEE0FE3-2F33-4809-967B-946BF7BADEB7}.Release|Any CPU.ActiveCfg = Release|Any CPU
		{2FEE0FE3-2F33-4809-967B-946BF7BADEB7}.Release|Any CPU.Build.0 = Release|Any CPU
	EndGlobalSection
EndGlobal
